
Microsoft Visual Studio Solution File, Format Version 12.00
# Visual Studio 15
VisualStudioVersion = 15.0.26608.5
MinimumVisualStudioVersion = 10.0.40219.1
Project("{FAE04EC0-301F-11D3-BF4B-00C04F79EFBC}") = "LabWebSignalR1", "LabWebSignalR1\LabWebSignalR1.csproj", "{C87A524D-EB02-4531-AFC5-7B851D4F1299}"
EndProject
Project("{FAE04EC0-301F-11D3-BF4B-00C04F79EFBC}") = "LabSignalRWebMaster", "LabSignalRWebMaster\LabSignalRWebMaster.csproj", "{AA0A7EB6-D1A2-45B2-B01B-127FDD2D0C40}"
EndProject
Global
	GlobalSection(SolutionConfigurationPlatforms) = preSolution
		Debug|Any CPU = Debug|Any CPU
		Release|Any CPU = Release|Any CPU
	EndGlobalSection
	GlobalSection(ProjectConfigurationPlatforms) = postSolution
		{C87A524D-EB02-4531-AFC5-7B851D4F1299}.Debug|Any CPU.ActiveCfg = Debug|Any CPU
		{C87A524D-EB02-4531-AFC5-7B851D4F1299}.Debug|Any CPU.Build.0 = Debug|Any CPU
		{C87A524D-EB02-4531-AFC5-7B851D4F1299}.Release|Any CPU.ActiveCfg = Release|Any CPU
		{C87A524D-EB02-4531-AFC5-7B851D4F1299}.Release|Any CPU.Build.0 = Release|Any CPU
		{AA0A7EB6-D1A2-45B2-B01B-127FDD2D0C40}.Debug|Any CPU.ActiveCfg = Debug|Any CPU
		{AA0A7EB6-D1A2-45B2-B01B-127FDD2D0C40}.Debug|Any CPU.Build.0 = Debug|Any CPU
		{AA0A7EB6-D1A2-45B2-B01B-127FDD2D0C40}.Release|Any CPU.ActiveCfg = Release|Any CPU
		{AA0A7EB6-D1A2-45B2-B01B-127FDD2D0C40}.Release|Any CPU.Build.0 = Release|Any CPU
	EndGlobalSection
	GlobalSection(SolutionProperties) = preSolution
		HideSolutionNode = FALSE
	EndGlobalSection
EndGlobal
